
Microsoft Visual Studio Solution File, Format Version 12.00
# Visual Studio Version 16
VisualStudioVersion = 16.0.30611.23
MinimumVisualStudioVersion = 10.0.40219.1
Project("{FAE04EC0-301F-11D3-BF4B-00C04F79EFBC}") = "TLib.Device", "TLib.Device\TLib.Device.csproj", "{18C9E1C1-81D7-4731-BDF8-E6DEB2FCD3EC}"
EndProject
Project("{FAE04EC0-301F-11D3-BF4B-00C04F79EFBC}") = "TLib.Util", "TLib.Util\TLib.Util.csproj", "{5D99349E-A24C-4842-9A95-9181A0C7AB63}"
EndProject
Project("{FAE04EC0-301F-11D3-BF4B-00C04F79EFBC}") = "TLib.Device.Test", "TLib.Device.Test\TLib.Device.Test.csproj", "{1D2D092D-C3F7-4BA2-B38D-D93F39FB9656}"
EndProject
Project("{FAE04EC0-301F-11D3-BF4B-00C04F79EFBC}") = "TLib.Winform", "TLib.Winform\TLib.Winform.csproj", "{838D1900-97E0-4593-8388-E2DEB9A2454D}"
EndProject
Project("{FAE04EC0-301F-11D3-BF4B-00C04F79EFBC}") = "TLib.Core", "TLib.Core\TLib.Core.csproj", "{4447F892-FD86-440D-81FD-ACDA7D9C4E84}"
EndProject
Project("{FAE04EC0-301F-11D3-BF4B-00C04F79EFBC}") = "WindowsFormsApp1", "WindowsFormsApp1\WindowsFormsApp1.csproj", "{0ADF816B-7676-40E0-B522-D6CC8584381C}"
EndProject
Project("{FAE04EC0-301F-11D3-BF4B-00C04F79EFBC}") = "TLib.Station", "TLib.Station\TLib.Station.csproj", "{0D1E167C-AD70-4D26-BB8D-776BFE4F8E5D}"
EndProject
Project("{FAE04EC0-301F-11D3-BF4B-00C04F79EFBC}") = "TLib.ManualTest", "TLib.ManualTest\TLib.ManualTest.csproj", "{5031005C-8473-46CA-9AD8-7773B8814B7C}"
EndProject
Global
	GlobalSection(SolutionConfigurationPlatforms) = preSolution
		Debug|Any CPU = Debug|Any CPU
		Release|Any CPU = Release|Any CPU
	EndGlobalSection
	GlobalSection(ProjectConfigurationPlatforms) = postSolution
		{18C9E1C1-81D7-4731-BDF8-E6DEB2FCD3EC}.Debug|Any CPU.ActiveCfg = Debug|Any CPU
		{18C9E1C1-81D7-4731-BDF8-E6DEB2FCD3EC}.Debug|Any CPU.Build.0 = Debug|Any CPU
		{18C9E1C1-81D7-4731-BDF8-E6DEB2FCD3EC}.Release|Any CPU.ActiveCfg = Release|Any CPU
		{18C9E1C1-81D7-4731-BDF8-E6DEB2FCD3EC}.Release|Any CPU.Build.0 = Release|Any CPU
		{5D99349E-A24C-4842-9A95-9181A0C7AB63}.Debug|Any CPU.ActiveCfg = Debug|Any CPU
		{5D99349E-A24C-4842-9A95-9181A0C7AB63}.Debug|Any CPU.Build.0 = Debug|Any CPU
		{5D99349E-A24C-4842-9A95-9181A0C7AB63}.Release|Any CPU.ActiveCfg = Release|Any CPU
		{5D99349E-A24C-4842-9A95-9181A0C7AB63}.Release|Any CPU.Build.0 = Release|Any CPU
		{1D2D092D-C3F7-4BA2-B38D-D93F39FB9656}.Debug|Any CPU.ActiveCfg = Debug|Any CPU
		{1D2D092D-C3F7-4BA2-B38D-D93F39FB9656}.Debug|Any CPU.Build.0 = Debug|Any CPU
		{1D2D092D-C3F7-4BA2-B38D-D93F39FB9656}.Release|Any CPU.ActiveCfg = Release|Any CPU
		{1D2D092D-C3F7-4BA2-B38D-D93F39FB9656}.Release|Any CPU.Build.0 = Release|Any CPU
		{838D1900-97E0-4593-8388-E2DEB9A2454D}.Debug|Any CPU.ActiveCfg = Debug|Any CPU
		{838D1900-97E0-4593-8388-E2DEB9A2454D}.Debug|Any CPU.Build.0 = Debug|Any CPU
		{838D1900-97E0-4593-8388-E2DEB9A2454D}.Release|Any CPU.ActiveCfg = Release|Any CPU
		{838D1900-97E0-4593-8388-E2DEB9A2454D}.Release|Any CPU.Build.0 = Release|Any CPU
		{4447F892-FD86-440D-81FD-ACDA7D9C4E84}.Debug|Any CPU.ActiveCfg = Debug|Any CPU
		{4447F892-FD86-440D-81FD-ACDA7D9C4E84}.Debug|Any CPU.Build.0 = Debug|Any CPU
		{4447F892-FD86-440D-81FD-ACDA7D9C4E84}.Release|Any CPU.ActiveCfg = Release|Any CPU
		{4447F892-FD86-440D-81FD-ACDA7D9C4E84}.Release|Any CPU.Build.0 = Release|Any CPU
		{0ADF816B-7676-40E0-B522-D6CC8584381C}.Debug|Any CPU.ActiveCfg = Debug|Any CPU
		{0ADF816B-7676-40E0-B522-D6CC8584381C}.Debug|Any CPU.Build.0 = Debug|Any CPU
		{0ADF816B-7676-40E0-B522-D6CC8584381C}.Release|Any CPU.ActiveCfg = Release|Any CPU
		{0ADF816B-7676-40E0-B522-D6CC8584381C}.Release|Any CPU.Build.0 = Release|Any CPU
		{0D1E167C-AD70-4D26-BB8D-776BFE4F8E5D}.Debug|Any CPU.ActiveCfg = Debug|Any CPU
		{0D1E167C-AD70-4D26-BB8D-776BFE4F8E5D}.Debug|Any CPU.Build.0 = Debug|Any CPU
		{0D1E167C-AD70-4D26-BB8D-776BFE4F8E5D}.Release|Any CPU.ActiveCfg = Release|Any CPU
		{0D1E167C-AD70-4D26-BB8D-776BFE4F8E5D}.Release|Any CPU.Build.0 = Release|Any CPU
		{5031005C-8473-46CA-9AD8-7773B8814B7C}.Debug|Any CPU.ActiveCfg = Debug|Any CPU
		{5031005C-8473-46CA-9AD8-7773B8814B7C}.Debug|Any CPU.Build.0 = Debug|Any CPU
		{5031005C-8473-46CA-9AD8-7773B8814B7C}.Release|Any CPU.ActiveCfg = Release|Any CPU
		{5031005C-8473-46CA-9AD8-7773B8814B7C}.Release|Any CPU.Build.0 = Release|Any CPU
	EndGlobalSection
	GlobalSection(SolutionProperties) = preSolution
		HideSolutionNode = FALSE
	EndGlobalSection
	GlobalSection(ExtensibilityGlobals) = postSolution
		SolutionGuid = {7B0B63B3-B09E-472B-84B5-04E5A91696AB}
	EndGlobalSection
EndGlobal
